
Microsoft Visual Studio Solution File, Format Version 12.00
# Visual Studio 15
VisualStudioVersion = 15.0.28307.852
MinimumVisualStudioVersion = 10.0.40219.1
Project("{FAE04EC0-301F-11D3-BF4B-00C04F79EFBC}") = "Test_Example", "Test_Example\Test_Example.csproj", "{D1EFE48A-7288-4C86-BA71-E3840C7CE5C9}"
EndProject
Global
	GlobalSection(SolutionConfigurationPlatforms) = preSolution
		Debug|Any CPU = Debug|Any CPU
		Release|Any CPU = Release|Any CPU
	EndGlobalSection
	GlobalSection(ProjectConfigurationPlatforms) = postSolution
		{D1EFE48A-7288-4C86-BA71-E3840C7CE5C9}.Debug|Any CPU.ActiveCfg = Debug|Any CPU
		{D1EFE48A-7288-4C86-BA71-E3840C7CE5C9}.Debug|Any CPU.Build.0 = Debug|Any CPU
		{D1EFE48A-7288-4C86-BA71-E3840C7CE5C9}.Release|Any CPU.ActiveCfg = Release|Any CPU
		{D1EFE48A-7288-4C86-BA71-E3840C7CE5C9}.Release|Any CPU.Build.0 = Release|Any CPU
	EndGlobalSection
	GlobalSection(SolutionProperties) = preSolution
		HideSolutionNode = FALSE
	EndGlobalSection
	GlobalSection(ExtensibilityGlobals) = postSolution
		SolutionGuid = {930B057C-1DA7-4779-BD90-CD4FCA6EBA4F}
	EndGlobalSection
EndGlobal
